{
  "nodes": {
    "nixpkgs": {
      "locked": {
        "lastModified": 1720494119,
        "narHash": "sha256-IE7PZn9bSjxI4/MugjAEx49oPoxu0uKXdfC+X7HcRuQ=",
        "owner": "NixOS",
        "repo": "nixpkgs",
        "rev": "05bbf675397d5366259409139039af8077d695ce",
        "type": "github"
      },
      "original": {
        "owner": "NixOS",
        "repo": "nixpkgs",
        "rev": "05bbf675397d5366259409139039af8077d695ce",
        "type": "github"
      }
    },
    "root": {
      "inputs": {
        "nixpkgs": "nixpkgs"
      }
    }
  },
  "root": "root",
  "version": 7
}
